
Microsoft Visual Studio Solution File, Format Version 12.00
# Visual Studio Version 17
VisualStudioVersion = 17.0.32112.339
MinimumVisualStudioVersion = 10.0.40219.1
Project("{FAE04EC0-301F-11D3-BF4B-00C04F79EFBC}") = "WinFormsAppSellPoint", "Splash Screen\WinFormsAppSellPoint.csproj", "{98C6E70C-6725-4EDD-853A-DD97C1338F2D}"
EndProject
Project("{2150E333-8FDC-42A3-9474-1A3956D46DE8}") = "Presentación", "Presentación", "{B488BD58-256F-4B6E-8EC2-501CD83A0F40}"
EndProject
Project("{2150E333-8FDC-42A3-9474-1A3956D46DE8}") = "Negocios", "Negocios", "{8B2A22F8-3BCD-4F63-AB7B-CD7E92BB9C5B}"
EndProject
Project("{2150E333-8FDC-42A3-9474-1A3956D46DE8}") = "Datos", "Datos", "{F5E48A69-B956-4F75-9946-50E5925573BC}"
EndProject
Project("{2150E333-8FDC-42A3-9474-1A3956D46DE8}") = "SellPoint v1.0", "SellPoint v1.0", "{E2974E31-6603-497E-91AE-A5423A6FF713}"
EndProject
Project("{2150E333-8FDC-42A3-9474-1A3956D46DE8}") = "User Interfaces", "User Interfaces", "{FB6B409F-C25B-4F2A-AC8E-91666C128427}"
EndProject
Project("{2150E333-8FDC-42A3-9474-1A3956D46DE8}") = "Windows", "Windows", "{228898DE-5EF5-438C-B442-557D605BD586}"
EndProject
Project("{2150E333-8FDC-42A3-9474-1A3956D46DE8}") = "Frameworks", "Frameworks", "{C5FEDD69-2FF0-4E98-A7A4-5E00A4682CAB}"
EndProject
Project("{2150E333-8FDC-42A3-9474-1A3956D46DE8}") = ".NetFramework", ".NetFramework", "{B4F1D6B9-ED0C-43C4-BBB6-30A63E9817CB}"
EndProject
Project("{2150E333-8FDC-42A3-9474-1A3956D46DE8}") = "Layers", "Layers", "{B1EE7513-B909-4E2C-B607-2208E9C04FB1}"
EndProject
Project("{2150E333-8FDC-42A3-9474-1A3956D46DE8}") = "ADO.Net", "ADO.Net", "{F9A6D8E7-E79E-4D36-9B6E-968587DFE668}"
EndProject
Global
	GlobalSection(SolutionConfigurationPlatforms) = preSolution
		Debug|Any CPU = Debug|Any CPU
		Release|Any CPU = Release|Any CPU
	EndGlobalSection
	GlobalSection(ProjectConfigurationPlatforms) = postSolution
		{98C6E70C-6725-4EDD-853A-DD97C1338F2D}.Debug|Any CPU.ActiveCfg = Debug|Any CPU
		{98C6E70C-6725-4EDD-853A-DD97C1338F2D}.Debug|Any CPU.Build.0 = Debug|Any CPU
		{98C6E70C-6725-4EDD-853A-DD97C1338F2D}.Release|Any CPU.ActiveCfg = Release|Any CPU
		{98C6E70C-6725-4EDD-853A-DD97C1338F2D}.Release|Any CPU.Build.0 = Release|Any CPU
	EndGlobalSection
	GlobalSection(SolutionProperties) = preSolution
		HideSolutionNode = FALSE
	EndGlobalSection
	GlobalSection(NestedProjects) = preSolution
		{98C6E70C-6725-4EDD-853A-DD97C1338F2D} = {228898DE-5EF5-438C-B442-557D605BD586}
		{B488BD58-256F-4B6E-8EC2-501CD83A0F40} = {F9A6D8E7-E79E-4D36-9B6E-968587DFE668}
		{8B2A22F8-3BCD-4F63-AB7B-CD7E92BB9C5B} = {F9A6D8E7-E79E-4D36-9B6E-968587DFE668}
		{F5E48A69-B956-4F75-9946-50E5925573BC} = {F9A6D8E7-E79E-4D36-9B6E-968587DFE668}
		{FB6B409F-C25B-4F2A-AC8E-91666C128427} = {B488BD58-256F-4B6E-8EC2-501CD83A0F40}
		{228898DE-5EF5-438C-B442-557D605BD586} = {FB6B409F-C25B-4F2A-AC8E-91666C128427}
		{C5FEDD69-2FF0-4E98-A7A4-5E00A4682CAB} = {E2974E31-6603-497E-91AE-A5423A6FF713}
		{B4F1D6B9-ED0C-43C4-BBB6-30A63E9817CB} = {C5FEDD69-2FF0-4E98-A7A4-5E00A4682CAB}
		{B1EE7513-B909-4E2C-B607-2208E9C04FB1} = {B4F1D6B9-ED0C-43C4-BBB6-30A63E9817CB}
		{F9A6D8E7-E79E-4D36-9B6E-968587DFE668} = {B1EE7513-B909-4E2C-B607-2208E9C04FB1}
	EndGlobalSection
	GlobalSection(ExtensibilityGlobals) = postSolution
		SolutionGuid = {25BCF339-608D-406C-979D-E4E1B8297829}
	EndGlobalSection
EndGlobal
